Microsoft Visual Studio Solution File, Format Version 12.00
# Visual Studio Version 17
VisualStudioVersion = 17.5.2.0
MinimumVisualStudioVersion = 10.0.40219.1
Project("{2150E333-8FDC-42A3-9474-1A3956D46DE8}") = "PrimeiraChamadaMED", "PrimeiraChamadaMED", "{8E73ED48-7075-B4B9-F2C3-5979AE9D9EF9}"
EndProject
Project("{FAE04EC0-301F-11D3-BF4B-00C04F79EFBC}") = "API", "PrimeiraChamadaMED\API\API.csproj", "{B65D2475-F6F0-01F3-0C39-09D11AD99566}"
EndProject
Global
	GlobalSection(SolutionConfigurationPlatforms) = preSolution
		Debug|Any CPU = Debug|Any CPU
		Release|Any CPU = Release|Any CPU
	EndGlobalSection
	GlobalSection(ProjectConfigurationPlatforms) = postSolution
		{B65D2475-F6F0-01F3-0C39-09D11AD99566}.Debug|Any CPU.ActiveCfg = Debug|Any CPU
		{B65D2475-F6F0-01F3-0C39-09D11AD99566}.Debug|Any CPU.Build.0 = Debug|Any CPU
		{B65D2475-F6F0-01F3-0C39-09D11AD99566}.Release|Any CPU.ActiveCfg = Release|Any CPU
		{B65D2475-F6F0-01F3-0C39-09D11AD99566}.Release|Any CPU.Build.0 = Release|Any CPU
	EndGlobalSection
	GlobalSection(SolutionProperties) = preSolution
		HideSolutionNode = FALSE
	EndGlobalSection
	GlobalSection(NestedProjects) = preSolution
		{B65D2475-F6F0-01F3-0C39-09D11AD99566} = {8E73ED48-7075-B4B9-F2C3-5979AE9D9EF9}
	EndGlobalSection
	GlobalSection(ExtensibilityGlobals) = postSolution
		SolutionGuid = {DAE0F57B-E869-42E2-8EBD-6CE9C7F4B9DA}
	EndGlobalSection
EndGlobal
